
Microsoft Visual Studio Solution File, Format Version 10.00
# Visual C++ Express 2008
Project("{8BC9CEB8-8B4A-11D0-8D11-00A0C91BC942}") = "hxcpp", "hxcpp.vcproj", "{1326547F-7E5D-4C86-8E65-2FC71AB52053}"
EndProject
Project("{8BC9CEB8-8B4A-11D0-8D11-00A0C91BC942}") = "std", "libs\std\std.vcproj", "{BE8B6861-79F4-4E07-B3BD-C200075882BD}"
	ProjectSection(ProjectDependencies) = postProject
		{1326547F-7E5D-4C86-8E65-2FC71AB52053} = {1326547F-7E5D-4C86-8E65-2FC71AB52053}
	EndProjectSection
EndProject
Project("{8BC9CEB8-8B4A-11D0-8D11-00A0C91BC942}") = "zlib", "libs\zlib\zlib.vcproj", "{D22FD6AD-FD13-4340-9C84-CF8A512A5E18}"
	ProjectSection(ProjectDependencies) = postProject
		{1326547F-7E5D-4C86-8E65-2FC71AB52053} = {1326547F-7E5D-4C86-8E65-2FC71AB52053}
	EndProjectSection
EndProject
Project("{8BC9CEB8-8B4A-11D0-8D11-00A0C91BC942}") = "regexp", "libs\regexp\regexp.vcproj", "{DEA45DA0-4D09-445E-8B11-D5440B4F800B}"
	ProjectSection(ProjectDependencies) = postProject
		{1326547F-7E5D-4C86-8E65-2FC71AB52053} = {1326547F-7E5D-4C86-8E65-2FC71AB52053}
	EndProjectSection
EndProject
Global
	GlobalSection(SolutionConfigurationPlatforms) = preSolution
		Debug|Win32 = Debug|Win32
		Release|Win32 = Release|Win32
	EndGlobalSection
	GlobalSection(ProjectConfigurationPlatforms) = postSolution
		{1326547F-7E5D-4C86-8E65-2FC71AB52053}.Debug|Win32.ActiveCfg = Debug|Win32
		{1326547F-7E5D-4C86-8E65-2FC71AB52053}.Debug|Win32.Build.0 = Debug|Win32
		{1326547F-7E5D-4C86-8E65-2FC71AB52053}.Release|Win32.ActiveCfg = Release|Win32
		{1326547F-7E5D-4C86-8E65-2FC71AB52053}.Release|Win32.Build.0 = Release|Win32
		{BE8B6861-79F4-4E07-B3BD-C200075882BD}.Debug|Win32.ActiveCfg = Debug|Win32
		{BE8B6861-79F4-4E07-B3BD-C200075882BD}.Debug|Win32.Build.0 = Debug|Win32
		{BE8B6861-79F4-4E07-B3BD-C200075882BD}.Release|Win32.ActiveCfg = Release|Win32
		{BE8B6861-79F4-4E07-B3BD-C200075882BD}.Release|Win32.Build.0 = Release|Win32
		{D22FD6AD-FD13-4340-9C84-CF8A512A5E18}.Debug|Win32.ActiveCfg = Debug|Win32
		{D22FD6AD-FD13-4340-9C84-CF8A512A5E18}.Debug|Win32.Build.0 = Debug|Win32
		{D22FD6AD-FD13-4340-9C84-CF8A512A5E18}.Release|Win32.ActiveCfg = Release|Win32
		{D22FD6AD-FD13-4340-9C84-CF8A512A5E18}.Release|Win32.Build.0 = Release|Win32
		{DEA45DA0-4D09-445E-8B11-D5440B4F800B}.Debug|Win32.ActiveCfg = Debug|Win32
		{DEA45DA0-4D09-445E-8B11-D5440B4F800B}.Debug|Win32.Build.0 = Debug|Win32
		{DEA45DA0-4D09-445E-8B11-D5440B4F800B}.Release|Win32.ActiveCfg = Release|Win32
		{DEA45DA0-4D09-445E-8B11-D5440B4F800B}.Release|Win32.Build.0 = Release|Win32
	EndGlobalSection
	GlobalSection(SolutionProperties) = preSolution
		HideSolutionNode = FALSE
	EndGlobalSection
EndGlobal
